
Microsoft Visual Studio Solution File, Format Version 12.00
# Visual Studio Version 17
VisualStudioVersion = 17.6.33723.286
MinimumVisualStudioVersion = 10.0.40219.1
Project("{8BC9CEB8-8B4A-11D0-8D11-00A0C91BC942}") = "I. Welcome for you with Conditions", "I. Welcome for you with Conditions\I. Welcome for you with Conditions.vcxproj", "{FB3A09A3-0E32-4A74-9E3D-26E10CC0D199}"
EndProject
Global
	GlobalSection(SolutionConfigurationPlatforms) = preSolution
		Debug|x64 = Debug|x64
		Debug|x86 = Debug|x86
		Release|x64 = Release|x64
		Release|x86 = Release|x86
	EndGlobalSection
	GlobalSection(ProjectConfigurationPlatforms) = postSolution
		{FB3A09A3-0E32-4A74-9E3D-26E10CC0D199}.Debug|x64.ActiveCfg = Debug|x64
		{FB3A09A3-0E32-4A74-9E3D-26E10CC0D199}.Debug|x64.Build.0 = Debug|x64
		{FB3A09A3-0E32-4A74-9E3D-26E10CC0D199}.Debug|x86.ActiveCfg = Debug|Win32
		{FB3A09A3-0E32-4A74-9E3D-26E10CC0D199}.Debug|x86.Build.0 = Debug|Win32
		{FB3A09A3-0E32-4A74-9E3D-26E10CC0D199}.Release|x64.ActiveCfg = Release|x64
		{FB3A09A3-0E32-4A74-9E3D-26E10CC0D199}.Release|x64.Build.0 = Release|x64
		{FB3A09A3-0E32-4A74-9E3D-26E10CC0D199}.Release|x86.ActiveCfg = Release|Win32
		{FB3A09A3-0E32-4A74-9E3D-26E10CC0D199}.Release|x86.Build.0 = Release|Win32
	EndGlobalSection
	GlobalSection(SolutionProperties) = preSolution
		HideSolutionNode = FALSE
	EndGlobalSection
	GlobalSection(ExtensibilityGlobals) = postSolution
		SolutionGuid = {0F13215D-C89B-4DDD-829D-AFA7F502C493}
	EndGlobalSection
EndGlobal
